
Microsoft Visual Studio Solution File, Format Version 12.00
# Visual Studio Version 17
VisualStudioVersion = 17.0.31903.59
MinimumVisualStudioVersion = 10.0.40219.1
Project("{2150E333-8FDC-42A3-9474-1A3956D46DE8}") = "src", "src", "{827E0CD3-B72D-47B6-A68D-7590B98EB39B}"
EndProject
Project("{FAE04EC0-301F-11D3-BF4B-00C04F79EFBC}") = "MechanicShop.Api", "src\MechanicShop.Api\MechanicShop.Api.csproj", "{CA352E6E-C961-4131-9F70-7AD5A2BFEECA}"
EndProject
Project("{FAE04EC0-301F-11D3-BF4B-00C04F79EFBC}") = "MechanicShop.Application", "src\MechanicShop.Application\MechanicShop.Application.csproj", "{450E08E7-D8EC-40B1-9A11-3688C7BEE08B}"
EndProject
Project("{FAE04EC0-301F-11D3-BF4B-00C04F79EFBC}") = "MechanicShop.Client", "src\MechanicShop.Client\MechanicShop.Client.csproj", "{4F4CEB54-C818-4C65-8016-2636440F4661}"
EndProject
Project("{FAE04EC0-301F-11D3-BF4B-00C04F79EFBC}") = "MechanicShop.Contracts", "src\MechanicShop.Contracts\MechanicShop.Contracts.csproj", "{036E1C83-38A3-4673-8C3F-EAB1FD996875}"
EndProject
Project("{FAE04EC0-301F-11D3-BF4B-00C04F79EFBC}") = "MechanicShop.Domain", "src\MechanicShop.Domain\MechanicShop.Domain.csproj", "{0AFC649D-78B9-40F2-AEAA-3E6197ED5CD7}"
EndProject
Project("{FAE04EC0-301F-11D3-BF4B-00C04F79EFBC}") = "MechanicShop.Infrastructure", "src\MechanicShop.Infrastructure\MechanicShop.Infrastructure.csproj", "{CABB45D4-5AE3-4117-8896-7FD14AFD23AD}"
EndProject
Project("{FAE04EC0-301F-11D3-BF4B-00C04F79EFBC}") = "MechanicShop.Api.IntegrationTests", "tests\MechanicShop.Api.IntegrationTests\MechanicShop.Api.IntegrationTests.csproj", "{F34ED152-3D96-408D-87BB-DDBDDD99BF19}"
EndProject
Project("{FAE04EC0-301F-11D3-BF4B-00C04F79EFBC}") = "MechanicShop.Application.SubcutaneousTests", "tests\MechanicShop.Application.SubcutaneousTests\MechanicShop.Application.SubcutaneousTests.csproj", "{34799A2E-A9D8-4498-8FAF-D5B5E2CC8887}"
EndProject
Project("{FAE04EC0-301F-11D3-BF4B-00C04F79EFBC}") = "MechanicShop.Application.UnitTests", "tests\MechanicShop.Application.UnitTests\MechanicShop.Application.UnitTests.csproj", "{1A07240B-B065-4BCC-AF41-60B7BBF2AF67}"
EndProject
Project("{FAE04EC0-301F-11D3-BF4B-00C04F79EFBC}") = "MechanicShop.Domain.UnitTests", "tests\MechanicShop.Domain.UnitTests\MechanicShop.Domain.UnitTests.csproj", "{5869F549-5EB4-497B-92F3-6767652B8023}"
EndProject
Project("{FAE04EC0-301F-11D3-BF4B-00C04F79EFBC}") = "MechanicShop.Tests.Common", "tests\MechanicShop.Tests.Common\MechanicShop.Tests.Common.csproj", "{DE7C0EB3-43CB-45BB-8D92-D1AFC29A71C5}"
EndProject
Global
	GlobalSection(SolutionConfigurationPlatforms) = preSolution
		Debug|Any CPU = Debug|Any CPU
		Debug|x64 = Debug|x64
		Debug|x86 = Debug|x86
		Release|Any CPU = Release|Any CPU
		Release|x64 = Release|x64
		Release|x86 = Release|x86
	EndGlobalSection
	GlobalSection(ProjectConfigurationPlatforms) = postSolution
		{CA352E6E-C961-4131-9F70-7AD5A2BFEECA}.Debug|Any CPU.ActiveCfg = Debug|Any CPU
		{CA352E6E-C961-4131-9F70-7AD5A2BFEECA}.Debug|Any CPU.Build.0 = Debug|Any CPU
		{CA352E6E-C961-4131-9F70-7AD5A2BFEECA}.Debug|x64.ActiveCfg = Debug|Any CPU
		{CA352E6E-C961-4131-9F70-7AD5A2BFEECA}.Debug|x64.Build.0 = Debug|Any CPU
		{CA352E6E-C961-4131-9F70-7AD5A2BFEECA}.Debug|x86.ActiveCfg = Debug|Any CPU
		{CA352E6E-C961-4131-9F70-7AD5A2BFEECA}.Debug|x86.Build.0 = Debug|Any CPU
		{CA352E6E-C961-4131-9F70-7AD5A2BFEECA}.Release|Any CPU.ActiveCfg = Release|Any CPU
		{CA352E6E-C961-4131-9F70-7AD5A2BFEECA}.Release|Any CPU.Build.0 = Release|Any CPU
		{CA352E6E-C961-4131-9F70-7AD5A2BFEECA}.Release|x64.ActiveCfg = Release|Any CPU
		{CA352E6E-C961-4131-9F70-7AD5A2BFEECA}.Release|x64.Build.0 = Release|Any CPU
		{CA352E6E-C961-4131-9F70-7AD5A2BFEECA}.Release|x86.ActiveCfg = Release|Any CPU
		{CA352E6E-C961-4131-9F70-7AD5A2BFEECA}.Release|x86.Build.0 = Release|Any CPU
		{450E08E7-D8EC-40B1-9A11-3688C7BEE08B}.Debug|Any CPU.ActiveCfg = Debug|Any CPU
		{450E08E7-D8EC-40B1-9A11-3688C7BEE08B}.Debug|Any CPU.Build.0 = Debug|Any CPU
		{450E08E7-D8EC-40B1-9A11-3688C7BEE08B}.Debug|x64.ActiveCfg = Debug|Any CPU
		{450E08E7-D8EC-40B1-9A11-3688C7BEE08B}.Debug|x64.Build.0 = Debug|Any CPU
		{450E08E7-D8EC-40B1-9A11-3688C7BEE08B}.Debug|x86.ActiveCfg = Debug|Any CPU
		{450E08E7-D8EC-40B1-9A11-3688C7BEE08B}.Debug|x86.Build.0 = Debug|Any CPU
		{450E08E7-D8EC-40B1-9A11-3688C7BEE08B}.Release|Any CPU.ActiveCfg = Release|Any CPU
		{450E08E7-D8EC-40B1-9A11-3688C7BEE08B}.Release|Any CPU.Build.0 = Release|Any CPU
		{450E08E7-D8EC-40B1-9A11-3688C7BEE08B}.Release|x64.ActiveCfg = Release|Any CPU
		{450E08E7-D8EC-40B1-9A11-3688C7BEE08B}.Release|x64.Build.0 = Release|Any CPU
		{450E08E7-D8EC-40B1-9A11-3688C7BEE08B}.Release|x86.ActiveCfg = Release|Any CPU
		{450E08E7-D8EC-40B1-9A11-3688C7BEE08B}.Release|x86.Build.0 = Release|Any CPU
		{4F4CEB54-C818-4C65-8016-2636440F4661}.Debug|Any CPU.ActiveCfg = Debug|Any CPU
		{4F4CEB54-C818-4C65-8016-2636440F4661}.Debug|Any CPU.Build.0 = Debug|Any CPU
		{4F4CEB54-C818-4C65-8016-2636440F4661}.Debug|x64.ActiveCfg = Debug|Any CPU
		{4F4CEB54-C818-4C65-8016-2636440F4661}.Debug|x64.Build.0 = Debug|Any CPU
		{4F4CEB54-C818-4C65-8016-2636440F4661}.Debug|x86.ActiveCfg = Debug|Any CPU
		{4F4CEB54-C818-4C65-8016-2636440F4661}.Debug|x86.Build.0 = Debug|Any CPU
		{4F4CEB54-C818-4C65-8016-2636440F4661}.Release|Any CPU.ActiveCfg = Release|Any CPU
		{4F4CEB54-C818-4C65-8016-2636440F4661}.Release|Any CPU.Build.0 = Release|Any CPU
		{4F4CEB54-C818-4C65-8016-2636440F4661}.Release|x64.ActiveCfg = Release|Any CPU
		{4F4CEB54-C818-4C65-8016-2636440F4661}.Release|x64.Build.0 = Release|Any CPU
		{4F4CEB54-C818-4C65-8016-2636440F4661}.Release|x86.ActiveCfg = Release|Any CPU
		{4F4CEB54-C818-4C65-8016-2636440F4661}.Release|x86.Build.0 = Release|Any CPU
		{036E1C83-38A3-4673-8C3F-EAB1FD996875}.Debug|Any CPU.ActiveCfg = Debug|Any CPU
		{036E1C83-38A3-4673-8C3F-EAB1FD996875}.Debug|Any CPU.Build.0 = Debug|Any CPU
		{036E1C83-38A3-4673-8C3F-EAB1FD996875}.Debug|x64.ActiveCfg = Debug|Any CPU
		{036E1C83-38A3-4673-8C3F-EAB1FD996875}.Debug|x64.Build.0 = Debug|Any CPU
		{036E1C83-38A3-4673-8C3F-EAB1FD996875}.Debug|x86.ActiveCfg = Debug|Any CPU
		{036E1C83-38A3-4673-8C3F-EAB1FD996875}.Debug|x86.Build.0 = Debug|Any CPU
		{036E1C83-38A3-4673-8C3F-EAB1FD996875}.Release|Any CPU.ActiveCfg = Release|Any CPU
		{036E1C83-38A3-4673-8C3F-EAB1FD996875}.Release|Any CPU.Build.0 = Release|Any CPU
		{036E1C83-38A3-4673-8C3F-EAB1FD996875}.Release|x64.ActiveCfg = Release|Any CPU
		{036E1C83-38A3-4673-8C3F-EAB1FD996875}.Release|x64.Build.0 = Release|Any CPU
		{036E1C83-38A3-4673-8C3F-EAB1FD996875}.Release|x86.ActiveCfg = Release|Any CPU
		{036E1C83-38A3-4673-8C3F-EAB1FD996875}.Release|x86.Build.0 = Release|Any CPU
		{0AFC649D-78B9-40F2-AEAA-3E6197ED5CD7}.Debug|Any CPU.ActiveCfg = Debug|Any CPU
		{0AFC649D-78B9-40F2-AEAA-3E6197ED5CD7}.Debug|Any CPU.Build.0 = Debug|Any CPU
		{0AFC649D-78B9-40F2-AEAA-3E6197ED5CD7}.Debug|x64.ActiveCfg = Debug|Any CPU
		{0AFC649D-78B9-40F2-AEAA-3E6197ED5CD7}.Debug|x64.Build.0 = Debug|Any CPU
		{0AFC649D-78B9-40F2-AEAA-3E6197ED5CD7}.Debug|x86.ActiveCfg = Debug|Any CPU
		{0AFC649D-78B9-40F2-AEAA-3E6197ED5CD7}.Debug|x86.Build.0 = Debug|Any CPU
		{0AFC649D-78B9-40F2-AEAA-3E6197ED5CD7}.Release|Any CPU.ActiveCfg = Release|Any CPU
		{0AFC649D-78B9-40F2-AEAA-3E6197ED5CD7}.Release|Any CPU.Build.0 = Release|Any CPU
		{0AFC649D-78B9-40F2-AEAA-3E6197ED5CD7}.Release|x64.ActiveCfg = Release|Any CPU
		{0AFC649D-78B9-40F2-AEAA-3E6197ED5CD7}.Release|x64.Build.0 = Release|Any CPU
		{0AFC649D-78B9-40F2-AEAA-3E6197ED5CD7}.Release|x86.ActiveCfg = Release|Any CPU
		{0AFC649D-78B9-40F2-AEAA-3E6197ED5CD7}.Release|x86.Build.0 = Release|Any CPU
		{CABB45D4-5AE3-4117-8896-7FD14AFD23AD}.Debug|Any CPU.ActiveCfg = Debug|Any CPU
		{CABB45D4-5AE3-4117-8896-7FD14AFD23AD}.Debug|Any CPU.Build.0 = Debug|Any CPU
		{CABB45D4-5AE3-4117-8896-7FD14AFD23AD}.Debug|x64.ActiveCfg = Debug|Any CPU
		{CABB45D4-5AE3-4117-8896-7FD14AFD23AD}.Debug|x64.Build.0 = Debug|Any CPU
		{CABB45D4-5AE3-4117-8896-7FD14AFD23AD}.Debug|x86.ActiveCfg = Debug|Any CPU
		{CABB45D4-5AE3-4117-8896-7FD14AFD23AD}.Debug|x86.Build.0 = Debug|Any CPU
		{CABB45D4-5AE3-4117-8896-7FD14AFD23AD}.Release|Any CPU.ActiveCfg = Release|Any CPU
		{CABB45D4-5AE3-4117-8896-7FD14AFD23AD}.Release|Any CPU.Build.0 = Release|Any CPU
		{CABB45D4-5AE3-4117-8896-7FD14AFD23AD}.Release|x64.ActiveCfg = Release|Any CPU
		{CABB45D4-5AE3-4117-8896-7FD14AFD23AD}.Release|x64.Build.0 = Release|Any CPU
		{CABB45D4-5AE3-4117-8896-7FD14AFD23AD}.Release|x86.ActiveCfg = Release|Any CPU
		{CABB45D4-5AE3-4117-8896-7FD14AFD23AD}.Release|x86.Build.0 = Release|Any CPU
		{F34ED152-3D96-408D-87BB-DDBDDD99BF19}.Debug|Any CPU.ActiveCfg = Debug|Any CPU
		{F34ED152-3D96-408D-87BB-DDBDDD99BF19}.Debug|Any CPU.Build.0 = Debug|Any CPU
		{F34ED152-3D96-408D-87BB-DDBDDD99BF19}.Debug|x64.ActiveCfg = Debug|Any CPU
		{F34ED152-3D96-408D-87BB-DDBDDD99BF19}.Debug|x64.Build.0 = Debug|Any CPU
		{F34ED152-3D96-408D-87BB-DDBDDD99BF19}.Debug|x86.ActiveCfg = Debug|Any CPU
		{F34ED152-3D96-408D-87BB-DDBDDD99BF19}.Debug|x86.Build.0 = Debug|Any CPU
		{F34ED152-3D96-408D-87BB-DDBDDD99BF19}.Release|Any CPU.ActiveCfg = Release|Any CPU
		{F34ED152-3D96-408D-87BB-DDBDDD99BF19}.Release|Any CPU.Build.0 = Release|Any CPU
		{F34ED152-3D96-408D-87BB-DDBDDD99BF19}.Release|x64.ActiveCfg = Release|Any CPU
		{F34ED152-3D96-408D-87BB-DDBDDD99BF19}.Release|x64.Build.0 = Release|Any CPU
		{F34ED152-3D96-408D-87BB-DDBDDD99BF19}.Release|x86.ActiveCfg = Release|Any CPU
		{F34ED152-3D96-408D-87BB-DDBDDD99BF19}.Release|x86.Build.0 = Release|Any CPU
		{34799A2E-A9D8-4498-8FAF-D5B5E2CC8887}.Debug|Any CPU.ActiveCfg = Debug|Any CPU
		{34799A2E-A9D8-4498-8FAF-D5B5E2CC8887}.Debug|Any CPU.Build.0 = Debug|Any CPU
		{34799A2E-A9D8-4498-8FAF-D5B5E2CC8887}.Debug|x64.ActiveCfg = Debug|Any CPU
		{34799A2E-A9D8-4498-8FAF-D5B5E2CC8887}.Debug|x64.Build.0 = Debug|Any CPU
		{34799A2E-A9D8-4498-8FAF-D5B5E2CC8887}.Debug|x86.ActiveCfg = Debug|Any CPU
		{34799A2E-A9D8-4498-8FAF-D5B5E2CC8887}.Debug|x86.Build.0 = Debug|Any CPU
		{34799A2E-A9D8-4498-8FAF-D5B5E2CC8887}.Release|Any CPU.ActiveCfg = Release|Any CPU
		{34799A2E-A9D8-4498-8FAF-D5B5E2CC8887}.Release|Any CPU.Build.0 = Release|Any CPU
		{34799A2E-A9D8-4498-8FAF-D5B5E2CC8887}.Release|x64.ActiveCfg = Release|Any CPU
		{34799A2E-A9D8-4498-8FAF-D5B5E2CC8887}.Release|x64.Build.0 = Release|Any CPU
		{34799A2E-A9D8-4498-8FAF-D5B5E2CC8887}.Release|x86.ActiveCfg = Release|Any CPU
		{34799A2E-A9D8-4498-8FAF-D5B5E2CC8887}.Release|x86.Build.0 = Release|Any CPU
		{1A07240B-B065-4BCC-AF41-60B7BBF2AF67}.Debug|Any CPU.ActiveCfg = Debug|Any CPU
		{1A07240B-B065-4BCC-AF41-60B7BBF2AF67}.Debug|Any CPU.Build.0 = Debug|Any CPU
		{1A07240B-B065-4BCC-AF41-60B7BBF2AF67}.Debug|x64.ActiveCfg = Debug|Any CPU
		{1A07240B-B065-4BCC-AF41-60B7BBF2AF67}.Debug|x64.Build.0 = Debug|Any CPU
		{1A07240B-B065-4BCC-AF41-60B7BBF2AF67}.Debug|x86.ActiveCfg = Debug|Any CPU
		{1A07240B-B065-4BCC-AF41-60B7BBF2AF67}.Debug|x86.Build.0 = Debug|Any CPU
		{1A07240B-B065-4BCC-AF41-60B7BBF2AF67}.Release|Any CPU.ActiveCfg = Release|Any CPU
		{1A07240B-B065-4BCC-AF41-60B7BBF2AF67}.Release|Any CPU.Build.0 = Release|Any CPU
		{1A07240B-B065-4BCC-AF41-60B7BBF2AF67}.Release|x64.ActiveCfg = Release|Any CPU
		{1A07240B-B065-4BCC-AF41-60B7BBF2AF67}.Release|x64.Build.0 = Release|Any CPU
		{1A07240B-B065-4BCC-AF41-60B7BBF2AF67}.Release|x86.ActiveCfg = Release|Any CPU
		{1A07240B-B065-4BCC-AF41-60B7BBF2AF67}.Release|x86.Build.0 = Release|Any CPU
		{5869F549-5EB4-497B-92F3-6767652B8023}.Debug|Any CPU.ActiveCfg = Debug|Any CPU
		{5869F549-5EB4-497B-92F3-6767652B8023}.Debug|Any CPU.Build.0 = Debug|Any CPU
		{5869F549-5EB4-497B-92F3-6767652B8023}.Debug|x64.ActiveCfg = Debug|Any CPU
		{5869F549-5EB4-497B-92F3-6767652B8023}.Debug|x64.Build.0 = Debug|Any CPU
		{5869F549-5EB4-497B-92F3-6767652B8023}.Debug|x86.ActiveCfg = Debug|Any CPU
		{5869F549-5EB4-497B-92F3-6767652B8023}.Debug|x86.Build.0 = Debug|Any CPU
		{5869F549-5EB4-497B-92F3-6767652B8023}.Release|Any CPU.ActiveCfg = Release|Any CPU
		{5869F549-5EB4-497B-92F3-6767652B8023}.Release|Any CPU.Build.0 = Release|Any CPU
		{5869F549-5EB4-497B-92F3-6767652B8023}.Release|x64.ActiveCfg = Release|Any CPU
		{5869F549-5EB4-497B-92F3-6767652B8023}.Release|x64.Build.0 = Release|Any CPU
		{5869F549-5EB4-497B-92F3-6767652B8023}.Release|x86.ActiveCfg = Release|Any CPU
		{5869F549-5EB4-497B-92F3-6767652B8023}.Release|x86.Build.0 = Release|Any CPU
		{DE7C0EB3-43CB-45BB-8D92-D1AFC29A71C5}.Debug|Any CPU.ActiveCfg = Debug|Any CPU
		{DE7C0EB3-43CB-45BB-8D92-D1AFC29A71C5}.Debug|Any CPU.Build.0 = Debug|Any CPU
		{DE7C0EB3-43CB-45BB-8D92-D1AFC29A71C5}.Debug|x64.ActiveCfg = Debug|Any CPU
		{DE7C0EB3-43CB-45BB-8D92-D1AFC29A71C5}.Debug|x64.Build.0 = Debug|Any CPU
		{DE7C0EB3-43CB-45BB-8D92-D1AFC29A71C5}.Debug|x86.ActiveCfg = Debug|Any CPU
		{DE7C0EB3-43CB-45BB-8D92-D1AFC29A71C5}.Debug|x86.Build.0 = Debug|Any CPU
		{DE7C0EB3-43CB-45BB-8D92-D1AFC29A71C5}.Release|Any CPU.ActiveCfg = Release|Any CPU
		{DE7C0EB3-43CB-45BB-8D92-D1AFC29A71C5}.Release|Any CPU.Build.0 = Release|Any CPU
		{DE7C0EB3-43CB-45BB-8D92-D1AFC29A71C5}.Release|x64.ActiveCfg = Release|Any CPU
		{DE7C0EB3-43CB-45BB-8D92-D1AFC29A71C5}.Release|x64.Build.0 = Release|Any CPU
		{DE7C0EB3-43CB-45BB-8D92-D1AFC29A71C5}.Release|x86.ActiveCfg = Release|Any CPU
		{DE7C0EB3-43CB-45BB-8D92-D1AFC29A71C5}.Release|x86.Build.0 = Release|Any CPU
	EndGlobalSection
	GlobalSection(SolutionProperties) = preSolution
		HideSolutionNode = FALSE
	EndGlobalSection
	GlobalSection(NestedProjects) = preSolution
		{CA352E6E-C961-4131-9F70-7AD5A2BFEECA} = {827E0CD3-B72D-47B6-A68D-7590B98EB39B}
		{450E08E7-D8EC-40B1-9A11-3688C7BEE08B} = {827E0CD3-B72D-47B6-A68D-7590B98EB39B}
		{4F4CEB54-C818-4C65-8016-2636440F4661} = {827E0CD3-B72D-47B6-A68D-7590B98EB39B}
		{036E1C83-38A3-4673-8C3F-EAB1FD996875} = {827E0CD3-B72D-47B6-A68D-7590B98EB39B}
		{0AFC649D-78B9-40F2-AEAA-3E6197ED5CD7} = {827E0CD3-B72D-47B6-A68D-7590B98EB39B}
		{CABB45D4-5AE3-4117-8896-7FD14AFD23AD} = {827E0CD3-B72D-47B6-A68D-7590B98EB39B}
		{F34ED152-3D96-408D-87BB-DDBDDD99BF19} = {827E0CD3-B72D-47B6-A68D-7590B98EB39B}
		{34799A2E-A9D8-4498-8FAF-D5B5E2CC8887} = {827E0CD3-B72D-47B6-A68D-7590B98EB39B}
		{1A07240B-B065-4BCC-AF41-60B7BBF2AF67} = {827E0CD3-B72D-47B6-A68D-7590B98EB39B}
		{5869F549-5EB4-497B-92F3-6767652B8023} = {827E0CD3-B72D-47B6-A68D-7590B98EB39B}
		{DE7C0EB3-43CB-45BB-8D92-D1AFC29A71C5} = {827E0CD3-B72D-47B6-A68D-7590B98EB39B}
	EndGlobalSection
EndGlobal
